<?xml version="1.0" encoding="utf-8"?>
<Project ToolsVersion="4.0" xmlns="http://schemas.microsoft.com/developer/msbuild/2003">
  <ItemGroup>
    <ClCompile Include="mem_utest.cpp">
      <Filter>mem</Filter>
    </ClCompile>
    <ClCompile Include="mem_mgr.cpp">
      <Filter>mem</Filter>
    </ClCompile>
    <ClCompile Include="mem_pool.cpp">
      <Filter>mem</Filter>
    </ClCompile>
    <ClCompile Include="list_utest.cpp">
      <Filter>raw_list</Filter>
    </ClCompile>
    <ClCompile Include="log_utest.cpp">
      <Filter>log</Filter>
    </ClCompile>
    <ClCompile Include="log.cpp">
      <Filter>log</Filter>
    </ClCompile>
    <ClCompile Include="conf_utest.cpp">
      <Filter>conf</Filter>
    </ClCompile>
    <ClCompile Include="conf.cpp">
      <Filter>conf</Filter>
    </ClCompile>
    <ClCompile Include="utest.cpp">
      <Filter>utest</Filter>
    </ClCompile>
    <ClCompile Include="utils.cpp">
      <Filter>iface</Filter>
    </ClCompile>
    <ClCompile Include="utils_utest.cpp">
      <Filter>iface</Filter>
    </ClCompile>
  </ItemGroup>
  <ItemGroup>
    <ClInclude Include="mem.h">
      <Filter>mem</Filter>
    </ClInclude>
    <ClInclude Include="mem_chunk.h">
      <Filter>mem</Filter>
    </ClInclude>
    <ClInclude Include="mem_entry.h">
      <Filter>mem</Filter>
    </ClInclude>
    <ClInclude Include="mem_fixed_pool.h">
      <Filter>mem</Filter>
    </ClInclude>
    <ClInclude Include="mem_mgr.h">
      <Filter>mem</Filter>
    </ClInclude>
    <ClInclude Include="mem_obj.h">
      <Filter>mem</Filter>
    </ClInclude>
    <ClInclude Include="mem_pool.h">
      <Filter>mem</Filter>
    </ClInclude>
    <ClInclude Include="mem_ref.h">
      <Filter>mem</Filter>
    </ClInclude>
    <ClInclude Include="list.h">
      <Filter>raw_list</Filter>
    </ClInclude>
    <ClInclude Include="mem_generic_pool.h">
      <Filter>mem</Filter>
    </ClInclude>
    <ClInclude Include="mem_alloc_policy.h">
      <Filter>mem</Filter>
    </ClInclude>
    <ClInclude Include="log.h">
      <Filter>log</Filter>
    </ClInclude>
    <ClInclude Include="conf.h">
      <Filter>conf</Filter>
    </ClInclude>
    <ClInclude Include="utest.h">
      <Filter>utest</Filter>
    </ClInclude>
    <ClInclude Include="mem_pool_alloc.h">
      <Filter>mem</Filter>
    </ClInclude>
    <ClInclude Include="host.h">
      <Filter>low_level</Filter>
    </ClInclude>
    <ClInclude Include="misc.h">
      <Filter>low_level</Filter>
    </ClInclude>
    <ClInclude Include="print.h">
      <Filter>low_level</Filter>
    </ClInclude>
    <ClInclude Include="asrt.h">
      <Filter>low_level</Filter>
    </ClInclude>
    <ClInclude Include="types.h">
      <Filter>low_level</Filter>
    </ClInclude>
    <ClInclude Include="utils_iface.h">
      <Filter>iface</Filter>
    </ClInclude>
    <ClInclude Include="singleton.h">
      <Filter>techniques</Filter>
    </ClInclude>
    <ClInclude Include="techniques.h">
      <Filter>techniques</Filter>
    </ClInclude>
    <ClInclude Include="timer.h">
      <Filter>low_level</Filter>
    </ClInclude>
  </ItemGroup>
  <ItemGroup>
    <Filter Include="mem">
      <UniqueIdentifier>{2d1a2479-2ad7-49bf-83de-2ead74662978}</UniqueIdentifier>
    </Filter>
    <Filter Include="raw_list">
      <UniqueIdentifier>{595145e2-e4bf-4158-88d8-9f75b6a0b014}</UniqueIdentifier>
    </Filter>
    <Filter Include="Make">
      <UniqueIdentifier>{da3817da-acd0-4b20-8505-51bfd704224c}</UniqueIdentifier>
    </Filter>
    <Filter Include="log">
      <UniqueIdentifier>{3bbd1d44-6ef8-460b-a0fb-f0a04e443938}</UniqueIdentifier>
    </Filter>
    <Filter Include="conf">
      <UniqueIdentifier>{01a362a7-a015-4971-a31f-cf773b389e85}</UniqueIdentifier>
    </Filter>
    <Filter Include="utest">
      <UniqueIdentifier>{8dc22d0d-f9ea-4880-9d5e-255f3ac07b48}</UniqueIdentifier>
    </Filter>
    <Filter Include="low_level">
      <UniqueIdentifier>{b5e0e97b-3af7-4833-af6f-5b1e2e6d878d}</UniqueIdentifier>
    </Filter>
    <Filter Include="iface">
      <UniqueIdentifier>{3cdb855c-11b1-4f93-80fb-344b4933e5b4}</UniqueIdentifier>
    </Filter>
    <Filter Include="techniques">
      <UniqueIdentifier>{6ec91fa8-4577-4bed-8f24-fa3480f6a4e9}</UniqueIdentifier>
    </Filter>
  </ItemGroup>
  <ItemGroup>
    <None Include="..\..\Makefile">
      <Filter>Make</Filter>
    </None>
  </ItemGroup>
</Project>