
Microsoft Visual Studio Solution File, Format Version 12.00
# Visual Studio Express 2013 for Windows Desktop
VisualStudioVersion = 12.0.30723.0
MinimumVisualStudioVersion = 10.0.40219.1
Project("{8BC9CEB8-8B4A-11D0-8D11-00A0C91BC942}") = "UnitTest", "sources\UnitTest\UnitTest.vcxproj", "{A93B99CA-DC51-4B2F-803E-849B4B065CE3}"
	ProjectSection(ProjectDependencies) = postProject
		{21E81E7E-0E8B-4CBB-BBFB-9319CCA98EC4} = {21E81E7E-0E8B-4CBB-BBFB-9319CCA98EC4}
		{26D907E0-EF00-4EEF-BC4F-FCFF495F661A} = {26D907E0-EF00-4EEF-BC4F-FCFF495F661A}
	EndProjectSection
EndProject
Project("{8BC9CEB8-8B4A-11D0-8D11-00A0C91BC942}") = "Utils", "sources\Utils\Utils.vcxproj", "{21E81E7E-0E8B-4CBB-BBFB-9319CCA98EC4}"
EndProject
Project("{8BC9CEB8-8B4A-11D0-8D11-00A0C91BC942}") = "task", "sources\task\task.vcxproj", "{26D907E0-EF00-4EEF-BC4F-FCFF495F661A}"
EndProject
Global
	GlobalSection(SolutionConfigurationPlatforms) = preSolution
		Debug|Win32 = Debug|Win32
		Release|Win32 = Release|Win32
	EndGlobalSection
	GlobalSection(ProjectConfigurationPlatforms) = postSolution
		{A93B99CA-DC51-4B2F-803E-849B4B065CE3}.Debug|Win32.ActiveCfg = Debug|Win32
		{A93B99CA-DC51-4B2F-803E-849B4B065CE3}.Debug|Win32.Build.0 = Debug|Win32
		{A93B99CA-DC51-4B2F-803E-849B4B065CE3}.Release|Win32.ActiveCfg = Release|Win32
		{A93B99CA-DC51-4B2F-803E-849B4B065CE3}.Release|Win32.Build.0 = Release|Win32
		{21E81E7E-0E8B-4CBB-BBFB-9319CCA98EC4}.Debug|Win32.ActiveCfg = Debug|Win32
		{21E81E7E-0E8B-4CBB-BBFB-9319CCA98EC4}.Debug|Win32.Build.0 = Debug|Win32
		{21E81E7E-0E8B-4CBB-BBFB-9319CCA98EC4}.Release|Win32.ActiveCfg = Release|Win32
		{21E81E7E-0E8B-4CBB-BBFB-9319CCA98EC4}.Release|Win32.Build.0 = Release|Win32
		{26D907E0-EF00-4EEF-BC4F-FCFF495F661A}.Debug|Win32.ActiveCfg = Debug|Win32
		{26D907E0-EF00-4EEF-BC4F-FCFF495F661A}.Debug|Win32.Build.0 = Debug|Win32
		{26D907E0-EF00-4EEF-BC4F-FCFF495F661A}.Release|Win32.ActiveCfg = Release|Win32
		{26D907E0-EF00-4EEF-BC4F-FCFF495F661A}.Release|Win32.Build.0 = Release|Win32
	EndGlobalSection
	GlobalSection(SolutionProperties) = preSolution
		HideSolutionNode = FALSE
	EndGlobalSection
EndGlobal
